
Microsoft Visual Studio Solution File, Format Version 12.00
# Visual Studio Version 17
VisualStudioVersion = 17.11.35303.130
MinimumVisualStudioVersion = 10.0.40219.1
Project("{9A19103F-16F7-4668-BE54-9A1E7A4F7556}") = "GrpcService", "GrpcService\GrpcService.csproj", "{3A879627-6013-430B-BF95-F1BDA8B52C86}"
EndProject
Project("{9A19103F-16F7-4668-BE54-9A1E7A4F7556}") = "HttpService", "WebApp\HttpService.csproj", "{72AFE760-B980-4660-A9E9-86D4B6E25553}"
EndProject
Project("{2150E333-8FDC-42A3-9474-1A3956D46DE8}") = "Tests", "Tests", "{AC062D77-800E-47F1-A1C2-6617E6CFD29B}"
EndProject
Project("{9A19103F-16F7-4668-BE54-9A1E7A4F7556}") = "GrpcServiceTests", "GrpcServiceTests\GrpcServiceTests.csproj", "{BF9A45EA-F787-47AE-8C88-85F960D705FB}"
EndProject
Global
	GlobalSection(SolutionConfigurationPlatforms) = preSolution
		Debug|Any CPU = Debug|Any CPU
		Release|Any CPU = Release|Any CPU
	EndGlobalSection
	GlobalSection(ProjectConfigurationPlatforms) = postSolution
		{3A879627-6013-430B-BF95-F1BDA8B52C86}.Debug|Any CPU.ActiveCfg = Debug|Any CPU
		{3A879627-6013-430B-BF95-F1BDA8B52C86}.Debug|Any CPU.Build.0 = Debug|Any CPU
		{3A879627-6013-430B-BF95-F1BDA8B52C86}.Release|Any CPU.ActiveCfg = Release|Any CPU
		{3A879627-6013-430B-BF95-F1BDA8B52C86}.Release|Any CPU.Build.0 = Release|Any CPU
		{72AFE760-B980-4660-A9E9-86D4B6E25553}.Debug|Any CPU.ActiveCfg = Debug|Any CPU
		{72AFE760-B980-4660-A9E9-86D4B6E25553}.Debug|Any CPU.Build.0 = Debug|Any CPU
		{72AFE760-B980-4660-A9E9-86D4B6E25553}.Release|Any CPU.ActiveCfg = Release|Any CPU
		{72AFE760-B980-4660-A9E9-86D4B6E25553}.Release|Any CPU.Build.0 = Release|Any CPU
		{BF9A45EA-F787-47AE-8C88-85F960D705FB}.Debug|Any CPU.ActiveCfg = Debug|Any CPU
		{BF9A45EA-F787-47AE-8C88-85F960D705FB}.Debug|Any CPU.Build.0 = Debug|Any CPU
		{BF9A45EA-F787-47AE-8C88-85F960D705FB}.Release|Any CPU.ActiveCfg = Release|Any CPU
		{BF9A45EA-F787-47AE-8C88-85F960D705FB}.Release|Any CPU.Build.0 = Release|Any CPU
	EndGlobalSection
	GlobalSection(SolutionProperties) = preSolution
		HideSolutionNode = FALSE
	EndGlobalSection
	GlobalSection(NestedProjects) = preSolution
		{BF9A45EA-F787-47AE-8C88-85F960D705FB} = {AC062D77-800E-47F1-A1C2-6617E6CFD29B}
	EndGlobalSection
	GlobalSection(ExtensibilityGlobals) = postSolution
		SolutionGuid = {DC9F9861-AFA6-4486-BCAD-9A65E8B6E2C0}
	EndGlobalSection
EndGlobal
